{
    "_readme": [
        "This file locks the dependencies of your project to a known state",
        "Read more about it at https://getcomposer.org/doc/01-basic-usage.md#installing-dependencies",
        "This file is @generated automatically"
    ],
    "content-hash": "6c4243c8902c4316f49428df7b19ea75",
    "packages": [
        {
            "name": "castor-php/php-qa",
            "version": "0.3.4",
            "source": {
                "type": "git",
                "url": "https://github.com/castor-php/php-qa.git",
                "reference": "57b89bec04cb0bb792464262cadb1588d294c953"
            },
            "dist": {
                "type": "zip",
                "url": "https://api.github.com/repos/castor-php/php-qa/zipball/57b89bec04cb0bb792464262cadb1588d294c953",
                "reference": "57b89bec04cb0bb792464262cadb1588d294c953",
                "shasum": ""
            },
            "require-dev": {
                "jolicode/castor": "^0.22.1"
            },
            "type": "castor-plugin",
            "autoload": {
                "files": [
                    "src/functions.php"
                ],
                "psr-4": {
                    "CastorPhp\\PhpQa\\": "src/"
                }
            },
            "notification-url": "https://packagist.org/downloads/",
            "license": [
                "MIT"
            ],
            "authors": [
                {
                    "name": "Joel Wurtz",
                    "email": "jwurtz@jolicode.com"
                }
            ],
            "description": "PHP Quality tools functions for castor",
            "support": {
                "issues": "https://github.com/castor-php/php-qa/issues",
                "source": "https://github.com/castor-php/php-qa/tree/0.3.4"
            },
            "time": "2026-09-18T13:08:29+00:00"
        }
    ],
    "packages-dev": [],
    "aliases": [],
    "minimum-stability": "stable",
    "stability-flags": {},
    "prefer-stable": false,
    "prefer-lowest": false,
    "platform": {},
    "platform-dev": {},
    "plugin-api-version": "2.9.0"
}
